// !$*UTF8*$!
{
	archiveVersion = 1;
	classes = {
	};
	objectVersion = 50;
	objects = {

/* Begin PBXBuildFile section */
		4C04DD6A23354FF100EF2042 /* CheckoutView.swift in Sources */ = {isa = PBXBuildFile; fileRef = 4C04DD6923354FF100EF2042 /* CheckoutView.swift */; };
		4C0F39062333F88E00566AA1 /* AppDelegate.swift in Sources */ = {isa = PBXBuildFile; fileRef = 4C0F39052333F88E00566AA1 /* AppDelegate.swift */; };
		4C0F39082333F88E00566AA1 /* SceneDelegate.swift in Sources */ = {isa = PBXBuildFile; fileRef = 4C0F39072333F88E00566AA1 /* SceneDelegate.swift */; };
		4C0F390A2333F88E00566AA1 /* MainMenuView.swift in Sources */ = {isa = PBXBuildFile; fileRef = 4C0F39092333F88E00566AA1 /* MainMenuView.swift */; };
		4C0F390C2333F89000566AA1 /* Assets.xcassets in Resources */ = {isa = PBXBuildFile; fileRef = 4C0F390B2333F89000566AA1 /* Assets.xcassets */; };
		4C0F390F2333F89000566AA1 /* Preview Assets.xcassets in Resources */ = {isa = PBXBuildFile; fileRef = 4C0F390E2333F89000566AA1 /* Preview Assets.xcassets */; };
		4C0F39122333F89000566AA1 /* LaunchScreen.storyboard in Resources */ = {isa = PBXBuildFile; fileRef = 4C0F39102333F89000566AA1 /* LaunchScreen.storyboard */; };
		4C0F391D2333F8D100566AA1 /* menu.json in Resources */ = {isa = PBXBuildFile; fileRef = 4C0F39192333F8D100566AA1 /* menu.json */; };
		4C0F391E2333F8D100566AA1 /* Menu.swift in Sources */ = {isa = PBXBuildFile; fileRef = 4C0F391A2333F8D100566AA1 /* Menu.swift */; };
		4C0F391F2333F8D100566AA1 /* Order.swift in Sources */ = {isa = PBXBuildFile; fileRef = 4C0F391B2333F8D100566AA1 /* Order.swift */; };
		4C0F39202333F8D100566AA1 /* Helper.swift in Sources */ = {isa = PBXBuildFile; fileRef = 4C0F391C2333F8D100566AA1 /* Helper.swift */; };
		4C0F39222333FC0D00566AA1 /* MainMenuRow.swift in Sources */ = {isa = PBXBuildFile; fileRef = 4C0F39212333FC0D00566AA1 /* MainMenuRow.swift */; };
		4C0F3924233400D700566AA1 /* DetailView.swift in Sources */ = {isa = PBXBuildFile; fileRef = 4C0F3923233400D700566AA1 /* DetailView.swift */; };
		4C368FCB2347E82B008FBC9B /* RatingView.swift in Sources */ = {isa = PBXBuildFile; fileRef = 4C368FCA2347E82B008FBC9B /* RatingView.swift */; };
		4C368FCE2348D1A8008FBC9B /* SystemServices.swift in Sources */ = {isa = PBXBuildFile; fileRef = 4C368FCD2348D1A8008FBC9B /* SystemServices.swift */; };
		4CA5ADCC2337A0EB00DD8E9C /* AppState.swift in Sources */ = {isa = PBXBuildFile; fileRef = 4CA5ADCB2337A0EB00DD8E9C /* AppState.swift */; };
		4CA5ADD72337EB9200DD8E9C /* FavoritesView.swift in Sources */ = {isa = PBXBuildFile; fileRef = 4CA5ADD62337EB9200DD8E9C /* FavoritesView.swift */; };
		4CA5ADD92337F56500DD8E9C /* FavoritesService.swift in Sources */ = {isa = PBXBuildFile; fileRef = 4CA5ADD82337F56500DD8E9C /* FavoritesService.swift */; };
		4CB40066233EE69700693788 /* MessageService.swift in Sources */ = {isa = PBXBuildFile; fileRef = 4CB40065233EE69700693788 /* MessageService.swift */; };
		4CBC4BFF23343336009F908A /* AppTabView.swift in Sources */ = {isa = PBXBuildFile; fileRef = 4CBC4BFE23343336009F908A /* AppTabView.swift */; };
		4CBC4C01233434D6009F908A /* OrderView.swift in Sources */ = {isa = PBXBuildFile; fileRef = 4CBC4C00233434D6009F908A /* OrderView.swift */; };
/* End PBXBuildFile section */

/* Begin PBXFileReference section */
		4C04DD6923354FF100EF2042 /* CheckoutView.swift */ = {isa = PBXFileReference; lastKnownFileType = sourcecode.swift; path = CheckoutView.swift; sourceTree = "<group>"; };
		4C0F39022333F88E00566AA1 /* iDine.app */ = {isa = PBXFileReference; explicitFileType = wrapper.application; includeInIndex = 0; path = iDine.app; sourceTree = BUILT_PRODUCTS_DIR; };
		4C0F39052333F88E00566AA1 /* AppDelegate.swift */ = {isa = PBXFileReference; lastKnownFileType = sourcecode.swift; path = AppDelegate.swift; sourceTree = "<group>"; };
		4C0F39072333F88E00566AA1 /* SceneDelegate.swift */ = {isa = PBXFileReference; lastKnownFileType = sourcecode.swift; path = SceneDelegate.swift; sourceTree = "<group>"; };
		4C0F39092333F88E00566AA1 /* MainMenuView.swift */ = {isa = PBXFileReference; lastKnownFileType = sourcecode.swift; path = MainMenuView.swift; sourceTree = "<group>"; };
		4C0F390B2333F89000566AA1 /* Assets.xcassets */ = {isa = PBXFileReference; lastKnownFileType = folder.assetcatalog; path = Assets.xcassets; sourceTree = "<group>"; };
		4C0F390E2333F89000566AA1 /* Preview Assets.xcassets */ = {isa = PBXFileReference; lastKnownFileType = folder.assetcatalog; path = "Preview Assets.xcassets"; sourceTree = "<group>"; };
		4C0F39112333F89000566AA1 /* Base */ = {isa = PBXFileReference; lastKnownFileType = file.storyboard; name = Base; path = Base.lproj/LaunchScreen.storyboard; sourceTree = "<group>"; };
		4C0F39132333F89000566AA1 /* Info.plist */ = {isa = PBXFileReference; lastKnownFileType = text.plist.xml; path = Info.plist; sourceTree = "<group>"; };
		4C0F39192333F8D100566AA1 /* menu.json */ = {isa = PBXFileReference; fileEncoding = 4; lastKnownFileType = text.json; path = menu.json; sourceTree = "<group>"; };
		4C0F391A2333F8D100566AA1 /* Menu.swift */ = {isa = PBXFileReference; fileEncoding = 4; lastKnownFileType = sourcecode.swift; path = Menu.swift; sourceTree = "<group>"; };
		4C0F391B2333F8D100566AA1 /* Order.swift */ = {isa = PBXFileReference; fileEncoding = 4; lastKnownFileType = sourcecode.swift; path = Order.swift; sourceTree = "<group>"; };
		4C0F391C2333F8D100566AA1 /* Helper.swift */ = {isa = PBXFileReference; fileEncoding = 4; lastKnownFileType = sourcecode.swift; path = Helper.swift; sourceTree = "<group>"; };
		4C0F39212333FC0D00566AA1 /* MainMenuRow.swift */ = {isa = PBXFileReference; lastKnownFileType = sourcecode.swift; path = MainMenuRow.swift; sourceTree = "<group>"; };
		4C0F3923233400D700566AA1 /* DetailView.swift */ = {isa = PBXFileReference; lastKnownFileType = sourcecode.swift; path = DetailView.swift; sourceTree = "<group>"; };
		4C368FCA2347E82B008FBC9B /* RatingView.swift */ = {isa = PBXFileReference; lastKnownFileType = sourcecode.swift; path = RatingView.swift; sourceTree = "<group>"; };
		4C368FCD2348D1A8008FBC9B /* SystemServices.swift */ = {isa = PBXFileReference; lastKnownFileType = sourcecode.swift; path = SystemServices.swift; sourceTree = "<group>"; };
		4CA5ADCB2337A0EB00DD8E9C /* AppState.swift */ = {isa = PBXFileReference; lastKnownFileType = sourcecode.swift; path = AppState.swift; sourceTree = "<group>"; };
		4CA5ADD62337EB9200DD8E9C /* FavoritesView.swift */ = {isa = PBXFileReference; lastKnownFileType = sourcecode.swift; path = FavoritesView.swift; sourceTree = "<group>"; };
		4CA5ADD82337F56500DD8E9C /* FavoritesService.swift */ = {isa = PBXFileReference; lastKnownFileType = sourcecode.swift; path = FavoritesService.swift; sourceTree = "<group>"; };
		4CB40065233EE69700693788 /* MessageService.swift */ = {isa = PBXFileReference; lastKnownFileType = sourcecode.swift; path = MessageService.swift; sourceTree = "<group>"; };
		4CBC4BFE23343336009F908A /* AppTabView.swift */ = {isa = PBXFileReference; lastKnownFileType = sourcecode.swift; path = AppTabView.swift; sourceTree = "<group>"; };
		4CBC4C00233434D6009F908A /* OrderView.swift */ = {isa = PBXFileReference; lastKnownFileType = sourcecode.swift; path = OrderView.swift; sourceTree = "<group>"; };
/* End PBXFileReference section */

/* Begin PBXFrameworksBuildPhase section */
		4C0F38FF2333F88E00566AA1 /* Frameworks */ = {
			isa = PBXFrameworksBuildPhase;
			buildActionMask = 2147483647;
			files = (
			);
			runOnlyForDeploymentPostprocessing = 0;
		};
/* End PBXFrameworksBuildPhase section */

/* Begin PBXGroup section */
		4C0F38F92333F88E00566AA1 = {
			isa = PBXGroup;
			children = (
				4C0F39042333F88E00566AA1 /* iDine */,
				4C0F39032333F88E00566AA1 /* Products */,
			);
			sourceTree = "<group>";
		};
		4C0F39032333F88E00566AA1 /* Products */ = {
			isa = PBXGroup;
			children = (
				4C0F39022333F88E00566AA1 /* iDine.app */,
			);
			name = Products;
			sourceTree = "<group>";
		};
		4C0F39042333F88E00566AA1 /* iDine */ = {
			isa = PBXGroup;
			children = (
				4CA5ADCE2337E87500DD8E9C /* Application */,
				4CA5ADD52337EB6D00DD8E9C /* Favorites */,
				4CA5ADD02337E89D00DD8E9C /* MainMenu */,
				4CA5ADD12337E8AD00DD8E9C /* Order */,
				4CA5ADD22337E8DF00DD8E9C /* Models */,
				4C368FCC2348D193008FBC9B /* Services */,
				4CA5ADD32337E90100DD8E9C /* Resources */,
				4CA5ADD42337E92400DD8E9C /* Extensions */,
				4C0F390D2333F89000566AA1 /* Preview Content */,
			);
			path = iDine;
			sourceTree = "<group>";
		};
		4C0F390D2333F89000566AA1 /* Preview Content */ = {
			isa = PBXGroup;
			children = (
				4C0F390E2333F89000566AA1 /* Preview Assets.xcassets */,
			);
			path = "Preview Content";
			sourceTree = "<group>";
		};
		4C368FCC2348D193008FBC9B /* Services */ = {
			isa = PBXGroup;
			children = (
				4C368FCD2348D1A8008FBC9B /* SystemServices.swift */,
				4CB40065233EE69700693788 /* MessageService.swift */,
			);
			path = Services;
			sourceTree = "<group>";
		};
		4CA5ADCE2337E87500DD8E9C /* Application */ = {
			isa = PBXGroup;
			children = (
				4C0F39052333F88E00566AA1 /* AppDelegate.swift */,
				4CA5ADCB2337A0EB00DD8E9C /* AppState.swift */,
				4CBC4BFE23343336009F908A /* AppTabView.swift */,
				4C0F39072333F88E00566AA1 /* SceneDelegate.swift */,
			);
			path = Application;
			sourceTree = "<group>";
		};
		4CA5ADD02337E89D00DD8E9C /* MainMenu */ = {
			isa = PBXGroup;
			children = (
				4C0F39092333F88E00566AA1 /* MainMenuView.swift */,
				4C0F39212333FC0D00566AA1 /* MainMenuRow.swift */,
				4C0F3923233400D700566AA1 /* DetailView.swift */,
				4C368FCA2347E82B008FBC9B /* RatingView.swift */,
			);
			path = MainMenu;
			sourceTree = "<group>";
		};
		4CA5ADD12337E8AD00DD8E9C /* Order */ = {
			isa = PBXGroup;
			children = (
				4CBC4C00233434D6009F908A /* OrderView.swift */,
				4C04DD6923354FF100EF2042 /* CheckoutView.swift */,
			);
			path = Order;
			sourceTree = "<group>";
		};
		4CA5ADD22337E8DF00DD8E9C /* Models */ = {
			isa = PBXGroup;
			children = (
				4C0F391A2333F8D100566AA1 /* Menu.swift */,
				4C0F391B2333F8D100566AA1 /* Order.swift */,
			);
			path = Models;
			sourceTree = "<group>";
		};
		4CA5ADD32337E90100DD8E9C /* Resources */ = {
			isa = PBXGroup;
			children = (
				4C0F390B2333F89000566AA1 /* Assets.xcassets */,
				4C0F39192333F8D100566AA1 /* menu.json */,
				4C0F39102333F89000566AA1 /* LaunchScreen.storyboard */,
				4C0F39132333F89000566AA1 /* Info.plist */,
			);
			path = Resources;
			sourceTree = "<group>";
		};
		4CA5ADD42337E92400DD8E9C /* Extensions */ = {
			isa = PBXGroup;
			children = (
				4C0F391C2333F8D100566AA1 /* Helper.swift */,
			);
			path = Extensions;
			sourceTree = "<group>";
		};
		4CA5ADD52337EB6D00DD8E9C /* Favorites */ = {
			isa = PBXGroup;
			children = (
				4CA5ADD82337F56500DD8E9C /* FavoritesService.swift */,
				4CA5ADD62337EB9200DD8E9C /* FavoritesView.swift */,
			);
			path = Favorites;
			sourceTree = "<group>";
		};
/* End PBXGroup section */

/* Begin PBXNativeTarget section */
		4C0F39012333F88E00566AA1 /* iDine */ = {
			isa = PBXNativeTarget;
			buildConfigurationList = 4C0F39162333F89000566AA1 /* Build configuration list for PBXNativeTarget "iDine" */;
			buildPhases = (
				4C0F38FE2333F88E00566AA1 /* Sources */,
				4C0F38FF2333F88E00566AA1 /* Frameworks */,
				4C0F39002333F88E00566AA1 /* Resources */,
			);
			buildRules = (
			);
			dependencies = (
			);
			name = iDine;
			productName = iDine;
			productReference = 4C0F39022333F88E00566AA1 /* iDine.app */;
			productType = "com.apple.product-type.application";
		};
/* End PBXNativeTarget section */

/* Begin PBXProject section */
		4C0F38FA2333F88E00566AA1 /* Project object */ = {
			isa = PBXProject;
			attributes = {
				LastSwiftUpdateCheck = 1100;
				LastUpgradeCheck = 1100;
				ORGANIZATIONNAME = "Michael Long";
				TargetAttributes = {
					4C0F39012333F88E00566AA1 = {
						CreatedOnToolsVersion = 11.0;
					};
				};
			};
			buildConfigurationList = 4C0F38FD2333F88E00566AA1 /* Build configuration list for PBXProject "iDine" */;
			compatibilityVersion = "Xcode 9.3";
			developmentRegion = en;
			hasScannedForEncodings = 0;
			knownRegions = (
				en,
				Base,
			);
			mainGroup = 4C0F38F92333F88E00566AA1;
			productRefGroup = 4C0F39032333F88E00566AA1 /* Products */;
			projectDirPath = "";
			projectRoot = "";
			targets = (
				4C0F39012333F88E00566AA1 /* iDine */,
			);
		};
/* End PBXProject section */

/* Begin PBXResourcesBuildPhase section */
		4C0F39002333F88E00566AA1 /* Resources */ = {
			isa = PBXResourcesBuildPhase;
			buildActionMask = 2147483647;
			files = (
				4C0F39122333F89000566AA1 /* LaunchScreen.storyboard in Resources */,
				4C0F390F2333F89000566AA1 /* Preview Assets.xcassets in Resources */,
				4C0F391D2333F8D100566AA1 /* menu.json in Resources */,
				4C0F390C2333F89000566AA1 /* Assets.xcassets in Resources */,
			);
			runOnlyForDeploymentPostprocessing = 0;
		};
/* End PBXResourcesBuildPhase section */

/* Begin PBXSourcesBuildPhase section */
		4C0F38FE2333F88E00566AA1 /* Sources */ = {
			isa = PBXSourcesBuildPhase;
			buildActionMask = 2147483647;
			files = (
				4C0F39062333F88E00566AA1 /* AppDelegate.swift in Sources */,
				4C04DD6A23354FF100EF2042 /* CheckoutView.swift in Sources */,
				4CA5ADD72337EB9200DD8E9C /* FavoritesView.swift in Sources */,
				4C368FCB2347E82B008FBC9B /* RatingView.swift in Sources */,
				4C0F3924233400D700566AA1 /* DetailView.swift in Sources */,
				4CA5ADCC2337A0EB00DD8E9C /* AppState.swift in Sources */,
				4C368FCE2348D1A8008FBC9B /* SystemServices.swift in Sources */,
				4CBC4C01233434D6009F908A /* OrderView.swift in Sources */,
				4CB40066233EE69700693788 /* MessageService.swift in Sources */,
				4C0F39082333F88E00566AA1 /* SceneDelegate.swift in Sources */,
				4CA5ADD92337F56500DD8E9C /* FavoritesService.swift in Sources */,
				4CBC4BFF23343336009F908A /* AppTabView.swift in Sources */,
				4C0F391F2333F8D100566AA1 /* Order.swift in Sources */,
				4C0F391E2333F8D100566AA1 /* Menu.swift in Sources */,
				4C0F39222333FC0D00566AA1 /* MainMenuRow.swift in Sources */,
				4C0F390A2333F88E00566AA1 /* MainMenuView.swift in Sources */,
				4C0F39202333F8D100566AA1 /* Helper.swift in Sources */,
			);
			runOnlyForDeploymentPostprocessing = 0;
		};
/* End PBXSourcesBuildPhase section */

/* Begin PBXVariantGroup section */
		4C0F39102333F89000566AA1 /* LaunchScreen.storyboard */ = {
			isa = PBXVariantGroup;
			children = (
				4C0F39112333F89000566AA1 /* Base */,
			);
			name = LaunchScreen.storyboard;
			sourceTree = "<group>";
		};
/* End PBXVariantGroup section */

/* Begin XCBuildConfiguration section */
		4C0F39142333F89000566AA1 /* Debug */ = {
			isa = XCBuildConfiguration;
			buildSettings = {
				ALWAYS_SEARCH_USER_PATHS = NO;
				CLANG_ANALYZER_NONNULL = YES;
				CLANG_ANALYZER_NUMBER_OBJECT_CONVERSION = YES_AGGRESSIVE;
				CLANG_CXX_LANGUAGE_STANDARD = "gnu++14";
				CLANG_CXX_LIBRARY = "libc++";
				CLANG_ENABLE_MODULES = YES;
				CLANG_ENABLE_OBJC_ARC = YES;
				CLANG_ENABLE_OBJC_WEAK = YES;
				CLANG_WARN_BLOCK_CAPTURE_AUTORELEASING = YES;
				CLANG_WARN_BOOL_CONVERSION = YES;
				CLANG_WARN_COMMA = YES;
				CLANG_WARN_CONSTANT_CONVERSION = YES;
				CLANG_WARN_DEPRECATED_OBJC_IMPLEMENTATIONS = YES;
				CLANG_WARN_DIRECT_OBJC_ISA_USAGE = YES_ERROR;
				CLANG_WARN_DOCUMENTATION_COMMENTS = YES;
				CLANG_WARN_EMPTY_BODY = YES;
				CLANG_WARN_ENUM_CONVERSION = YES;
				CLANG_WARN_INFINITE_RECURSION = YES;
				CLANG_WARN_INT_CONVERSION = YES;
				CLANG_WARN_NON_LITERAL_NULL_CONVERSION = YES;
				CLANG_WARN_OBJC_IMPLICIT_RETAIN_SELF = YES;
				CLANG_WARN_OBJC_LITERAL_CONVERSION = YES;
				CLANG_WARN_OBJC_ROOT_CLASS = YES_ERROR;
				CLANG_WARN_RANGE_LOOP_ANALYSIS = YES;
				CLANG_WARN_STRICT_PROTOTYPES = YES;
				CLANG_WARN_SUSPICIOUS_MOVE = YES;
				CLANG_WARN_UNGUARDED_AVAILABILITY = YES_AGGRESSIVE;
				CLANG_WARN_UNREACHABLE_CODE = YES;
				CLANG_WARN__DUPLICATE_METHOD_MATCH = YES;
				COPY_PHASE_STRIP = NO;
				DEBUG_INFORMATION_FORMAT = dwarf;
				ENABLE_STRICT_OBJC_MSGSEND = YES;
				ENABLE_TESTABILITY = YES;
				GCC_C_LANGUAGE_STANDARD = gnu11;
				GCC_DYNAMIC_NO_PIC = NO;
				GCC_NO_COMMON_BLOCKS = YES;
				GCC_OPTIMIZATION_LEVEL = 0;
				GCC_PREPROCESSOR_DEFINITIONS = (
					"DEBUG=1",
					"$(inherited)",
				);
				GCC_WARN_64_TO_32_BIT_CONVERSION = YES;
				GCC_WARN_ABOUT_RETURN_TYPE = YES_ERROR;
				GCC_WARN_UNDECLARED_SELECTOR = YES;
				GCC_WARN_UNINITIALIZED_AUTOS = YES_AGGRESSIVE;
				GCC_WARN_UNUSED_FUNCTION = YES;
				GCC_WARN_UNUSED_VARIABLE = YES;
				IPHONEOS_DEPLOYMENT_TARGET = 13.0;
				MTL_ENABLE_DEBUG_INFO = INCLUDE_SOURCE;
				MTL_FAST_MATH = YES;
				ONLY_ACTIVE_ARCH = YES;
				SDKROOT = iphoneos;
				SWIFT_ACTIVE_COMPILATION_CONDITIONS = DEBUG;
				SWIFT_OPTIMIZATION_LEVEL = "-Onone";
			};
			name = Debug;
		};
		4C0F39152333F89000566AA1 /* Release */ = {
			isa = XCBuildConfiguration;
			buildSettings = {
				ALWAYS_SEARCH_USER_PATHS = NO;
				CLANG_ANALYZER_NONNULL = YES;
				CLANG_ANALYZER_NUMBER_OBJECT_CONVERSION = YES_AGGRESSIVE;
				CLANG_CXX_LANGUAGE_STANDARD = "gnu++14";
				CLANG_CXX_LIBRARY = "libc++";
				CLANG_ENABLE_MODULES = YES;
				CLANG_ENABLE_OBJC_ARC = YES;
				CLANG_ENABLE_OBJC_WEAK = YES;
				CLANG_WARN_BLOCK_CAPTURE_AUTORELEASING = YES;
				CLANG_WARN_BOOL_CONVERSION = YES;
				CLANG_WARN_COMMA = YES;
				CLANG_WARN_CONSTANT_CONVERSION = YES;
				CLANG_WARN_DEPRECATED_OBJC_IMPLEMENTATIONS = YES;
				CLANG_WARN_DIRECT_OBJC_ISA_USAGE = YES_ERROR;
				CLANG_WARN_DOCUMENTATION_COMMENTS = YES;
				CLANG_WARN_EMPTY_BODY = YES;
				CLANG_WARN_ENUM_CONVERSION = YES;
				CLANG_WARN_INFINITE_RECURSION = YES;
				CLANG_WARN_INT_CONVERSION = YES;
				CLANG_WARN_NON_LITERAL_NULL_CONVERSION = YES;
				CLANG_WARN_OBJC_IMPLICIT_RETAIN_SELF = YES;
				CLANG_WARN_OBJC_LITERAL_CONVERSION = YES;
				CLANG_WARN_OBJC_ROOT_CLASS = YES_ERROR;
				CLANG_WARN_RANGE_LOOP_ANALYSIS = YES;
				CLANG_WARN_STRICT_PROTOTYPES = YES;
				CLANG_WARN_SUSPICIOUS_MOVE = YES;
				CLANG_WARN_UNGUARDED_AVAILABILITY = YES_AGGRESSIVE;
				CLANG_WARN_UNREACHABLE_CODE = YES;
				CLANG_WARN__DUPLICATE_METHOD_MATCH = YES;
				COPY_PHASE_STRIP = NO;
				DEBUG_INFORMATION_FORMAT = "dwarf-with-dsym";
				ENABLE_NS_ASSERTIONS = NO;
				ENABLE_STRICT_OBJC_MSGSEND = YES;
				GCC_C_LANGUAGE_STANDARD = gnu11;
				GCC_NO_COMMON_BLOCKS = YES;
				GCC_WARN_64_TO_32_BIT_CONVERSION = YES;
				GCC_WARN_ABOUT_RETURN_TYPE = YES_ERROR;
				GCC_WARN_UNDECLARED_SELECTOR = YES;
				GCC_WARN_UNINITIALIZED_AUTOS = YES_AGGRESSIVE;
				GCC_WARN_UNUSED_FUNCTION = YES;
				GCC_WARN_UNUSED_VARIABLE = YES;
				IPHONEOS_DEPLOYMENT_TARGET = 13.0;
				MTL_ENABLE_DEBUG_INFO = NO;
				MTL_FAST_MATH = YES;
				SDKROOT = iphoneos;
				SWIFT_COMPILATION_MODE = wholemodule;
				SWIFT_OPTIMIZATION_LEVEL = "-O";
				VALIDATE_PRODUCT = YES;
			};
			name = Release;
		};
		4C0F39172333F89000566AA1 /* Debug */ = {
			isa = XCBuildConfiguration;
			buildSettings = {
				ASSETCATALOG_COMPILER_APPICON_NAME = AppIcon;
				CODE_SIGN_STYLE = Automatic;
				DEVELOPMENT_ASSET_PATHS = "\"iDine/Preview Content\"";
				DEVELOPMENT_TEAM = 9ZVHDWC4WU;
				ENABLE_PREVIEWS = YES;
				INFOPLIST_FILE = iDine/Resources/Info.plist;
				LD_RUNPATH_SEARCH_PATHS = (
					"$(inherited)",
					"@executable_path/Frameworks",
				);
				PRODUCT_BUNDLE_IDENTIFIER = com.hmlong.iDine;
				PRODUCT_NAME = "$(TARGET_NAME)";
				SWIFT_VERSION = 5.0;
				TARGETED_DEVICE_FAMILY = "1,2";
			};
			name = Debug;
		};
		4C0F39182333F89000566AA1 /* Release */ = {
			isa = XCBuildConfiguration;
			buildSettings = {
				ASSETCATALOG_COMPILER_APPICON_NAME = AppIcon;
				CODE_SIGN_STYLE = Automatic;
				DEVELOPMENT_ASSET_PATHS = "\"iDine/Preview Content\"";
				DEVELOPMENT_TEAM = 9ZVHDWC4WU;
				ENABLE_PREVIEWS = YES;
				INFOPLIST_FILE = iDine/Resources/Info.plist;
				LD_RUNPATH_SEARCH_PATHS = (
					"$(inherited)",
					"@executable_path/Frameworks",
				);
				PRODUCT_BUNDLE_IDENTIFIER = com.hmlong.iDine;
				PRODUCT_NAME = "$(TARGET_NAME)";
				SWIFT_VERSION = 5.0;
				TARGETED_DEVICE_FAMILY = "1,2";
			};
			name = Release;
		};
/* End XCBuildConfiguration section */

/* Begin XCConfigurationList section */
		4C0F38FD2333F88E00566AA1 /* Build configuration list for PBXProject "iDine" */ = {
			isa = XCConfigurationList;
			buildConfigurations = (
				4C0F39142333F89000566AA1 /* Debug */,
				4C0F39152333F89000566AA1 /* Release */,
			);
			defaultConfigurationIsVisible = 0;
			defaultConfigurationName = Release;
		};
		4C0F39162333F89000566AA1 /* Build configuration list for PBXNativeTarget "iDine" */ = {
			isa = XCConfigurationList;
			buildConfigurations = (
				4C0F39172333F89000566AA1 /* Debug */,
				4C0F39182333F89000566AA1 /* Release */,
			);
			defaultConfigurationIsVisible = 0;
			defaultConfigurationName = Release;
		};
/* End XCConfigurationList section */
	};
	rootObject = 4C0F38FA2333F88E00566AA1 /* Project object */;
}
